Microsoft Visual Studio Solution File, Format Version 10.00
# Visual Studio 2008
Project("{8BC9CEB8-8B4A-11D0-8D11-00A0C91BC942}") = "dialog_resize", "dialog_resize.vcproj", "{5154B4A4-1DAD-47B0-BAAA-657218247673}"
EndProject
Global
	GlobalSection(SolutionConfigurationPlatforms) = preSolution
		Debug|Win32 = Debug|Win32
		Release|Win32 = Release|Win32
	EndGlobalSection
	GlobalSection(ProjectConfigurationPlatforms) = postSolution
		{5154B4A4-1DAD-47B0-BAAA-657218247673}.Debug|Win32.ActiveCfg = Debug|Win32
		{5154B4A4-1DAD-47B0-BAAA-657218247673}.Debug|Win32.Build.0 = Debug|Win32
		{5154B4A4-1DAD-47B0-BAAA-657218247673}.Release|Win32.ActiveCfg = Release|Win32
		{5154B4A4-1DAD-47B0-BAAA-657218247673}.Release|Win32.Build.0 = Release|Win32
	EndGlobalSection
	GlobalSection(SolutionProperties) = preSolution
		HideSolutionNode = FALSE
	EndGlobalSection
EndGlobal
