
Microsoft Visual Studio Solution File, Format Version 10.00
# Visual Studio 2008
Project("{8BC9CEB8-8B4A-11D0-8D11-00A0C91BC942}") = "WTLBrowser", "WTLBrowser.vcproj", "{BEC2B5F3-C69E-4BB6-93D1-821DA5399385}"
EndProject
Global
	GlobalSection(SolutionConfigurationPlatforms) = preSolution
		Debug|Win32 = Debug|Win32
		Release|Win32 = Release|Win32
	EndGlobalSection
	GlobalSection(ProjectConfigurationPlatforms) = postSolution
		{BEC2B5F3-C69E-4BB6-93D1-821DA5399385}.Debug|Win32.ActiveCfg = Debug|Win32
		{BEC2B5F3-C69E-4BB6-93D1-821DA5399385}.Debug|Win32.Build.0 = Debug|Win32
		{BEC2B5F3-C69E-4BB6-93D1-821DA5399385}.Release|Win32.ActiveCfg = Release|Win32
		{BEC2B5F3-C69E-4BB6-93D1-821DA5399385}.Release|Win32.Build.0 = Release|Win32
	EndGlobalSection
	GlobalSection(SolutionProperties) = preSolution
		HideSolutionNode = FALSE
	EndGlobalSection
EndGlobal
