
Microsoft Visual Studio Solution File, Format Version 10.00
# Visual Studio 2008
Project("{8BC9CEB8-8B4A-11D0-8D11-00A0C91BC942}") = "TabWin32", "TabWin32\TabWin32.vcproj", "{48D1A829-E764-46AA-BE30-8FB52C818005}"
EndProject
Global
	GlobalSection(SolutionConfigurationPlatforms) = preSolution
		Debug|Win32 = Debug|Win32
		Release|Win32 = Release|Win32
	EndGlobalSection
	GlobalSection(ProjectConfigurationPlatforms) = postSolution
		{48D1A829-E764-46AA-BE30-8FB52C818005}.Debug|Win32.ActiveCfg = Debug|Win32
		{48D1A829-E764-46AA-BE30-8FB52C818005}.Debug|Win32.Build.0 = Debug|Win32
		{48D1A829-E764-46AA-BE30-8FB52C818005}.Release|Win32.ActiveCfg = Release|Win32
		{48D1A829-E764-46AA-BE30-8FB52C818005}.Release|Win32.Build.0 = Release|Win32
	EndGlobalSection
	GlobalSection(SolutionProperties) = preSolution
		HideSolutionNode = FALSE
	EndGlobalSection
EndGlobal
