
Microsoft Visual Studio Solution File, Format Version 10.00
# Visual C++ Express 2008
Project("{8BC9CEB8-8B4A-11D0-8D11-00A0C91BC942}") = "MyDialog", "MyDialog\MyDialog.vcproj", "{4AEF4E77-9F9B-4D64-9A5B-75E792ECAA08}"
EndProject
Global
	GlobalSection(SolutionConfigurationPlatforms) = preSolution
		Debug|Win32 = Debug|Win32
		Release|Win32 = Release|Win32
	EndGlobalSection
	GlobalSection(ProjectConfigurationPlatforms) = postSolution
		{4AEF4E77-9F9B-4D64-9A5B-75E792ECAA08}.Debug|Win32.ActiveCfg = Debug|Win32
		{4AEF4E77-9F9B-4D64-9A5B-75E792ECAA08}.Debug|Win32.Build.0 = Debug|Win32
		{4AEF4E77-9F9B-4D64-9A5B-75E792ECAA08}.Release|Win32.ActiveCfg = Release|Win32
		{4AEF4E77-9F9B-4D64-9A5B-75E792ECAA08}.Release|Win32.Build.0 = Release|Win32
	EndGlobalSection
	GlobalSection(SolutionProperties) = preSolution
		HideSolutionNode = FALSE
	EndGlobalSection
EndGlobal
